
Microsoft Visual Studio Solution File, Format Version 12.00
# Visual Studio Version 17
VisualStudioVersion = 17.3.32825.248
MinimumVisualStudioVersion = 10.0.40219.1
Project("{FAE04EC0-301F-11D3-BF4B-00C04F79EFBC}") = "BagelShopBySamreen", "BagelShopBySamreen.csproj", "{896126B2-0E45-4820-92A5-39ACE1314647}"
EndProject
Global
	GlobalSection(SolutionConfigurationPlatforms) = preSolution
		Debug|Any CPU = Debug|Any CPU
		Release|Any CPU = Release|Any CPU
	EndGlobalSection
	GlobalSection(ProjectConfigurationPlatforms) = postSolution
		{896126B2-0E45-4820-92A5-39ACE1314647}.Debug|Any CPU.ActiveCfg = Debug|Any CPU
		{896126B2-0E45-4820-92A5-39ACE1314647}.Debug|Any CPU.Build.0 = Debug|Any CPU
		{896126B2-0E45-4820-92A5-39ACE1314647}.Release|Any CPU.ActiveCfg = Release|Any CPU
		{896126B2-0E45-4820-92A5-39ACE1314647}.Release|Any CPU.Build.0 = Release|Any CPU
	EndGlobalSection
	GlobalSection(SolutionProperties) = preSolution
		HideSolutionNode = FALSE
	EndGlobalSection
	GlobalSection(ExtensibilityGlobals) = postSolution
		SolutionGuid = {2A2B70C9-C0BF-4D72-B435-EEEB9EF167F8}
	EndGlobalSection
EndGlobal
